
Microsoft Visual Studio Solution File, Format Version 12.00
# Visual Studio 2012
Project("{FAE04EC0-301F-11D3-BF4B-00C04F79EFBC}") = "Pawotter.iOS", "Pawotter.iOS\Pawotter.iOS.csproj", "{DCF26BF9-B57B-4136-9708-C246D685B045}"
EndProject
Project("{FAE04EC0-301F-11D3-BF4B-00C04F79EFBC}") = "Pawotter.iOS.UITests", "Pawotter.iOS.UITests\Pawotter.iOS.UITests.csproj", "{26E237E1-8293-4212-8FEC-8D0496442A6D}"
EndProject
Project("{FAE04EC0-301F-11D3-BF4B-00C04F79EFBC}") = "Pawotter.ViewModels", "Pawotter.ViewModels\Pawotter.ViewModels.csproj", "{B007C96D-429E-415E-9507-C4801BB2BFC5}"
EndProject
Project("{FAE04EC0-301F-11D3-BF4B-00C04F79EFBC}") = "Pawotter.ViewModels.Tests", "Pawotter.ViewModels.Tests\Pawotter.ViewModels.Tests.csproj", "{AB9DD427-8035-4BEC-8E3D-DC78BE2D1C85}"
EndProject
Global
	GlobalSection(SolutionConfigurationPlatforms) = preSolution
		Debug|iPhoneSimulator = Debug|iPhoneSimulator
		Release|iPhone = Release|iPhone
		Release|iPhoneSimulator = Release|iPhoneSimulator
		Debug|iPhone = Debug|iPhone
		Debug|Any CPU = Debug|Any CPU
		Release|Any CPU = Release|Any CPU
	EndGlobalSection
	GlobalSection(ProjectConfigurationPlatforms) = postSolution
		{DCF26BF9-B57B-4136-9708-C246D685B045}.Debug|iPhoneSimulator.ActiveCfg = Debug|iPhoneSimulator
		{DCF26BF9-B57B-4136-9708-C246D685B045}.Debug|iPhoneSimulator.Build.0 = Debug|iPhoneSimulator
		{DCF26BF9-B57B-4136-9708-C246D685B045}.Release|iPhone.ActiveCfg = Release|iPhone
		{DCF26BF9-B57B-4136-9708-C246D685B045}.Release|iPhone.Build.0 = Release|iPhone
		{DCF26BF9-B57B-4136-9708-C246D685B045}.Release|iPhoneSimulator.ActiveCfg = Release|iPhoneSimulator
		{DCF26BF9-B57B-4136-9708-C246D685B045}.Release|iPhoneSimulator.Build.0 = Release|iPhoneSimulator
		{DCF26BF9-B57B-4136-9708-C246D685B045}.Debug|iPhone.ActiveCfg = Debug|iPhone
		{DCF26BF9-B57B-4136-9708-C246D685B045}.Debug|iPhone.Build.0 = Debug|iPhone
		{DCF26BF9-B57B-4136-9708-C246D685B045}.Debug|Any CPU.ActiveCfg = Debug|iPhoneSimulator
		{DCF26BF9-B57B-4136-9708-C246D685B045}.Debug|Any CPU.Build.0 = Debug|iPhoneSimulator
		{DCF26BF9-B57B-4136-9708-C246D685B045}.Release|Any CPU.ActiveCfg = Release|iPhone
		{DCF26BF9-B57B-4136-9708-C246D685B045}.Release|Any CPU.Build.0 = Release|iPhone
		{26E237E1-8293-4212-8FEC-8D0496442A6D}.Debug|iPhoneSimulator.ActiveCfg = Debug|Any CPU
		{26E237E1-8293-4212-8FEC-8D0496442A6D}.Debug|iPhoneSimulator.Build.0 = Debug|Any CPU
		{26E237E1-8293-4212-8FEC-8D0496442A6D}.Release|iPhone.ActiveCfg = Release|Any CPU
		{26E237E1-8293-4212-8FEC-8D0496442A6D}.Release|iPhone.Build.0 = Release|Any CPU
		{26E237E1-8293-4212-8FEC-8D0496442A6D}.Release|iPhoneSimulator.ActiveCfg = Release|Any CPU
		{26E237E1-8293-4212-8FEC-8D0496442A6D}.Release|iPhoneSimulator.Build.0 = Release|Any CPU
		{26E237E1-8293-4212-8FEC-8D0496442A6D}.Debug|iPhone.ActiveCfg = Debug|Any CPU
		{26E237E1-8293-4212-8FEC-8D0496442A6D}.Debug|iPhone.Build.0 = Debug|Any CPU
		{26E237E1-8293-4212-8FEC-8D0496442A6D}.Debug|Any CPU.ActiveCfg = Debug|Any CPU
		{26E237E1-8293-4212-8FEC-8D0496442A6D}.Debug|Any CPU.Build.0 = Debug|Any CPU
		{26E237E1-8293-4212-8FEC-8D0496442A6D}.Release|Any CPU.ActiveCfg = Release|Any CPU
		{26E237E1-8293-4212-8FEC-8D0496442A6D}.Release|Any CPU.Build.0 = Release|Any CPU
		{B007C96D-429E-415E-9507-C4801BB2BFC5}.Debug|iPhoneSimulator.ActiveCfg = Debug|Any CPU
		{B007C96D-429E-415E-9507-C4801BB2BFC5}.Debug|iPhoneSimulator.Build.0 = Debug|Any CPU
		{B007C96D-429E-415E-9507-C4801BB2BFC5}.Release|iPhone.ActiveCfg = Release|Any CPU
		{B007C96D-429E-415E-9507-C4801BB2BFC5}.Release|iPhone.Build.0 = Release|Any CPU
		{B007C96D-429E-415E-9507-C4801BB2BFC5}.Release|iPhoneSimulator.ActiveCfg = Release|Any CPU
		{B007C96D-429E-415E-9507-C4801BB2BFC5}.Release|iPhoneSimulator.Build.0 = Release|Any CPU
		{B007C96D-429E-415E-9507-C4801BB2BFC5}.Debug|iPhone.ActiveCfg = Debug|Any CPU
		{B007C96D-429E-415E-9507-C4801BB2BFC5}.Debug|iPhone.Build.0 = Debug|Any CPU
		{B007C96D-429E-415E-9507-C4801BB2BFC5}.Debug|Any CPU.ActiveCfg = Debug|Any CPU
		{B007C96D-429E-415E-9507-C4801BB2BFC5}.Debug|Any CPU.Build.0 = Debug|Any CPU
		{B007C96D-429E-415E-9507-C4801BB2BFC5}.Release|Any CPU.ActiveCfg = Release|Any CPU
		{B007C96D-429E-415E-9507-C4801BB2BFC5}.Release|Any CPU.Build.0 = Release|Any CPU
		{AB9DD427-8035-4BEC-8E3D-DC78BE2D1C85}.Debug|iPhoneSimulator.ActiveCfg = Debug|Any CPU
		{AB9DD427-8035-4BEC-8E3D-DC78BE2D1C85}.Debug|iPhoneSimulator.Build.0 = Debug|Any CPU
		{AB9DD427-8035-4BEC-8E3D-DC78BE2D1C85}.Release|iPhone.ActiveCfg = Release|Any CPU
		{AB9DD427-8035-4BEC-8E3D-DC78BE2D1C85}.Release|iPhone.Build.0 = Release|Any CPU
		{AB9DD427-8035-4BEC-8E3D-DC78BE2D1C85}.Release|iPhoneSimulator.ActiveCfg = Release|Any CPU
		{AB9DD427-8035-4BEC-8E3D-DC78BE2D1C85}.Release|iPhoneSimulator.Build.0 = Release|Any CPU
		{AB9DD427-8035-4BEC-8E3D-DC78BE2D1C85}.Debug|iPhone.ActiveCfg = Debug|Any CPU
		{AB9DD427-8035-4BEC-8E3D-DC78BE2D1C85}.Debug|iPhone.Build.0 = Debug|Any CPU
		{AB9DD427-8035-4BEC-8E3D-DC78BE2D1C85}.Debug|Any CPU.ActiveCfg = Debug|Any CPU
		{AB9DD427-8035-4BEC-8E3D-DC78BE2D1C85}.Debug|Any CPU.Build.0 = Debug|Any CPU
		{AB9DD427-8035-4BEC-8E3D-DC78BE2D1C85}.Release|Any CPU.ActiveCfg = Release|Any CPU
		{AB9DD427-8035-4BEC-8E3D-DC78BE2D1C85}.Release|Any CPU.Build.0 = Release|Any CPU
	EndGlobalSection
	GlobalSection(MonoDevelopProperties) = preSolution
		Policies = $0
		$0.TextStylePolicy = $1
		$1.FileWidth = 150
		$1.TabsToSpaces = True
		$1.NoTabsAfterNonTabs = True
		$1.EolMarker = Unix
		$1.scope = text/x-csharp
		$0.CSharpFormattingPolicy = $2
		$2.scope = text/x-csharp
		$0.TextStylePolicy = $3
		$3.FileWidth = 150
		$3.TabsToSpaces = True
		$3.NoTabsAfterNonTabs = True
		$3.EolMarker = Unix
		$3.scope = text/x-json
		$0.JSONFormattingPolicy = $4
		$4.AutoStructureCompletion = True
		$4.AutomaticFormatting = True
		$4.BracePositions = SemiExpanded
		$4.FormatOnPaste = True
		$4.scope = text/x-json
		$0.TextStylePolicy = $5
		$5.inheritsSet = null
		$5.scope = text/x-web
		$0.TextStylePolicy = $6
		$6.inheritsSet = null
		$6.scope = text/x-vs
		$0.TextStylePolicy = $7
		$7.FileWidth = 150
		$7.TabsToSpaces = True
		$7.NoTabsAfterNonTabs = True
		$7.scope = text/plain
		$0.TextStylePolicy = $8
		$8.FileWidth = 150
		$8.TabsToSpaces = True
		$8.NoTabsAfterNonTabs = True
		$8.EolMarker = Unix
		$8.scope = application/xml
		$0.XmlFormattingPolicy = $9
		$9.scope = application/xml
		$0.TextStylePolicy = $10
		$10.inheritsSet = null
		$10.scope = application/config+xml
		$0.XmlFormattingPolicy = $11
		$11.inheritsSet = null
		$11.scope = application/config+xml
		$0.StandardHeader = $12
	EndGlobalSection
EndGlobal
