
Microsoft Visual Studio Solution File, Format Version 12.00
# Visual Studio 2012
Project("{FAE04EC0-301F-11D3-BF4B-00C04F79EFBC}") = "Pawotter.iOS", "Pawotter.iOS\Pawotter.iOS.csproj", "{6220CB62-EC9B-4EDA-ADA3-87FE435AD88A}"
EndProject
Project("{FAE04EC0-301F-11D3-BF4B-00C04F79EFBC}") = "Pawotter.ViewModels", "Pawotter.ViewModels\Pawotter.ViewModels.csproj", "{621F70CA-7806-4C19-A9EA-648A7F1F8637}"
EndProject
Project("{FAE04EC0-301F-11D3-BF4B-00C04F79EFBC}") = "Pawotter.Core", "Pawotter.Core\Pawotter.Core.csproj", "{2A5FE69B-08E1-457A-A004-2D18A608AE97}"
EndProject
Project("{FAE04EC0-301F-11D3-BF4B-00C04F79EFBC}") = "Pawotter.API", "Pawotter.API\Pawotter.API.csproj", "{16E227F1-D329-46AE-BEBF-16E67903E05F}"
EndProject
Project("{FAE04EC0-301F-11D3-BF4B-00C04F79EFBC}") = "Pawotter.Core.Tests", "Pawotter.Core.Tests\Pawotter.Core.Tests.csproj", "{9FD816C9-A3B6-409E-80DD-B91E4F645CFE}"
EndProject
Project("{FAE04EC0-301F-11D3-BF4B-00C04F79EFBC}") = "Pawotter.ViewModels.Tests", "Pawotter.ViewModels.Tests\Pawotter.ViewModels.Tests.csproj", "{08BB2720-E4F0-4E75-BDDB-E6B2AD5096C6}"
EndProject
Global
	GlobalSection(SolutionConfigurationPlatforms) = preSolution
		Debug|iPhoneSimulator = Debug|iPhoneSimulator
		Release|iPhone = Release|iPhone
		Release|iPhoneSimulator = Release|iPhoneSimulator
		Debug|iPhone = Debug|iPhone
	EndGlobalSection
	GlobalSection(ProjectConfigurationPlatforms) = postSolution
		{6220CB62-EC9B-4EDA-ADA3-87FE435AD88A}.Debug|iPhoneSimulator.ActiveCfg = Debug|iPhoneSimulator
		{6220CB62-EC9B-4EDA-ADA3-87FE435AD88A}.Debug|iPhoneSimulator.Build.0 = Debug|iPhoneSimulator
		{6220CB62-EC9B-4EDA-ADA3-87FE435AD88A}.Release|iPhone.ActiveCfg = Release|iPhone
		{6220CB62-EC9B-4EDA-ADA3-87FE435AD88A}.Release|iPhone.Build.0 = Release|iPhone
		{6220CB62-EC9B-4EDA-ADA3-87FE435AD88A}.Release|iPhoneSimulator.ActiveCfg = Release|iPhoneSimulator
		{6220CB62-EC9B-4EDA-ADA3-87FE435AD88A}.Release|iPhoneSimulator.Build.0 = Release|iPhoneSimulator
		{6220CB62-EC9B-4EDA-ADA3-87FE435AD88A}.Debug|iPhone.ActiveCfg = Debug|iPhone
		{6220CB62-EC9B-4EDA-ADA3-87FE435AD88A}.Debug|iPhone.Build.0 = Debug|iPhone
		{621F70CA-7806-4C19-A9EA-648A7F1F8637}.Debug|iPhoneSimulator.ActiveCfg = Debug|Any CPU
		{621F70CA-7806-4C19-A9EA-648A7F1F8637}.Debug|iPhoneSimulator.Build.0 = Debug|Any CPU
		{621F70CA-7806-4C19-A9EA-648A7F1F8637}.Release|iPhone.ActiveCfg = Release|Any CPU
		{621F70CA-7806-4C19-A9EA-648A7F1F8637}.Release|iPhone.Build.0 = Release|Any CPU
		{621F70CA-7806-4C19-A9EA-648A7F1F8637}.Release|iPhoneSimulator.ActiveCfg = Release|Any CPU
		{621F70CA-7806-4C19-A9EA-648A7F1F8637}.Release|iPhoneSimulator.Build.0 = Release|Any CPU
		{621F70CA-7806-4C19-A9EA-648A7F1F8637}.Debug|iPhone.ActiveCfg = Debug|Any CPU
		{621F70CA-7806-4C19-A9EA-648A7F1F8637}.Debug|iPhone.Build.0 = Debug|Any CPU
		{2A5FE69B-08E1-457A-A004-2D18A608AE97}.Debug|iPhoneSimulator.ActiveCfg = Debug|Any CPU
		{2A5FE69B-08E1-457A-A004-2D18A608AE97}.Debug|iPhoneSimulator.Build.0 = Debug|Any CPU
		{2A5FE69B-08E1-457A-A004-2D18A608AE97}.Release|iPhone.ActiveCfg = Release|Any CPU
		{2A5FE69B-08E1-457A-A004-2D18A608AE97}.Release|iPhone.Build.0 = Release|Any CPU
		{2A5FE69B-08E1-457A-A004-2D18A608AE97}.Release|iPhoneSimulator.ActiveCfg = Release|Any CPU
		{2A5FE69B-08E1-457A-A004-2D18A608AE97}.Release|iPhoneSimulator.Build.0 = Release|Any CPU
		{2A5FE69B-08E1-457A-A004-2D18A608AE97}.Debug|iPhone.ActiveCfg = Debug|Any CPU
		{2A5FE69B-08E1-457A-A004-2D18A608AE97}.Debug|iPhone.Build.0 = Debug|Any CPU
		{16E227F1-D329-46AE-BEBF-16E67903E05F}.Debug|iPhoneSimulator.ActiveCfg = Debug|Any CPU
		{16E227F1-D329-46AE-BEBF-16E67903E05F}.Debug|iPhoneSimulator.Build.0 = Debug|Any CPU
		{16E227F1-D329-46AE-BEBF-16E67903E05F}.Release|iPhone.ActiveCfg = Release|Any CPU
		{16E227F1-D329-46AE-BEBF-16E67903E05F}.Release|iPhone.Build.0 = Release|Any CPU
		{16E227F1-D329-46AE-BEBF-16E67903E05F}.Release|iPhoneSimulator.ActiveCfg = Release|Any CPU
		{16E227F1-D329-46AE-BEBF-16E67903E05F}.Release|iPhoneSimulator.Build.0 = Release|Any CPU
		{16E227F1-D329-46AE-BEBF-16E67903E05F}.Debug|iPhone.ActiveCfg = Debug|Any CPU
		{16E227F1-D329-46AE-BEBF-16E67903E05F}.Debug|iPhone.Build.0 = Debug|Any CPU
		{9FD816C9-A3B6-409E-80DD-B91E4F645CFE}.Debug|iPhoneSimulator.ActiveCfg = Debug|Any CPU
		{9FD816C9-A3B6-409E-80DD-B91E4F645CFE}.Debug|iPhoneSimulator.Build.0 = Debug|Any CPU
		{9FD816C9-A3B6-409E-80DD-B91E4F645CFE}.Release|iPhone.ActiveCfg = Release|Any CPU
		{9FD816C9-A3B6-409E-80DD-B91E4F645CFE}.Release|iPhone.Build.0 = Release|Any CPU
		{9FD816C9-A3B6-409E-80DD-B91E4F645CFE}.Release|iPhoneSimulator.ActiveCfg = Release|Any CPU
		{9FD816C9-A3B6-409E-80DD-B91E4F645CFE}.Release|iPhoneSimulator.Build.0 = Release|Any CPU
		{9FD816C9-A3B6-409E-80DD-B91E4F645CFE}.Debug|iPhone.ActiveCfg = Debug|Any CPU
		{9FD816C9-A3B6-409E-80DD-B91E4F645CFE}.Debug|iPhone.Build.0 = Debug|Any CPU
		{08BB2720-E4F0-4E75-BDDB-E6B2AD5096C6}.Debug|iPhoneSimulator.ActiveCfg = Debug|Any CPU
		{08BB2720-E4F0-4E75-BDDB-E6B2AD5096C6}.Debug|iPhoneSimulator.Build.0 = Debug|Any CPU
		{08BB2720-E4F0-4E75-BDDB-E6B2AD5096C6}.Release|iPhone.ActiveCfg = Release|Any CPU
		{08BB2720-E4F0-4E75-BDDB-E6B2AD5096C6}.Release|iPhone.Build.0 = Release|Any CPU
		{08BB2720-E4F0-4E75-BDDB-E6B2AD5096C6}.Release|iPhoneSimulator.ActiveCfg = Release|Any CPU
		{08BB2720-E4F0-4E75-BDDB-E6B2AD5096C6}.Release|iPhoneSimulator.Build.0 = Release|Any CPU
		{08BB2720-E4F0-4E75-BDDB-E6B2AD5096C6}.Debug|iPhone.ActiveCfg = Debug|Any CPU
		{08BB2720-E4F0-4E75-BDDB-E6B2AD5096C6}.Debug|iPhone.Build.0 = Debug|Any CPU
	EndGlobalSection
	GlobalSection(MonoDevelopProperties) = preSolution
		Policies = $0
		$0.DotNetNamingPolicy = $1
		$1.DirectoryNamespaceAssociation = PrefixedHierarchical
		$0.TextStylePolicy = $2
		$2.inheritsSet = null
		$2.scope = text/x-json
		$0.JSONFormattingPolicy = $3
		$3.AutoStructureCompletion = True
		$3.BracePositions = SemiExpanded
		$3.FormatOnPaste = True
		$3.scope = text/x-json
		$0.TextStylePolicy = $4
		$4.inheritsSet = null
		$4.scope = text/x-web
		$0.TextStylePolicy = $5
		$5.inheritsSet = null
		$5.scope = text/x-vs
		$0.TextStylePolicy = $6
		$6.FileWidth = 200
		$6.NoTabsAfterNonTabs = True
		$6.EolMarker = Unix
		$6.scope = text/plain
		$6.TabsToSpaces = True
		$0.TextStylePolicy = $7
		$7.inheritsSet = null
		$7.scope = application/xml
		$0.XmlFormattingPolicy = $8
		$8.scope = application/xml
		$0.TextStylePolicy = $9
		$9.FileWidth = 200
		$9.NoTabsAfterNonTabs = True
		$9.EolMarker = Unix
		$9.scope = text/x-csharp
		$9.TabsToSpaces = True
		$0.CSharpFormattingPolicy = $10
		$10.scope = text/x-csharp
		$10.SpaceWithinExpressionParentheses = True
		$0.StandardHeader = $11
	EndGlobalSection
EndGlobal
